// !$*UTF8*$!
{
	archiveVersion = 1;
	classes = {
	};
	objectVersion = 50;
	objects = {

/* Begin PBXBuildFile section */
		D97F544823A0FF9F00219728 /* AppDelegate.swift in Sources */ = {isa = PBXBuildFile; fileRef = D97F544723A0FF9F00219728 /* AppDelegate.swift */; };
		D97F544A23A0FF9F00219728 /* SceneDelegate.swift in Sources */ = {isa = PBXBuildFile; fileRef = D97F544923A0FF9F00219728 /* SceneDelegate.swift */; };
		D97F544C23A0FF9F00219728 /* ViewController.swift in Sources */ = {isa = PBXBuildFile; fileRef = D97F544B23A0FF9F00219728 /* ViewController.swift */; };
		D97F544F23A0FF9F00219728 /* Main.storyboard in Resources */ = {isa = PBXBuildFile; fileRef = D97F544D23A0FF9F00219728 /* Main.storyboard */; };
		D97F545123A0FF9F00219728 /* Assets.xcassets in Resources */ = {isa = PBXBuildFile; fileRef = D97F545023A0FF9F00219728 /* Assets.xcassets */; };
		D97F545423A0FF9F00219728 /* LaunchScreen.storyboard in Resources */ = {isa = PBXBuildFile; fileRef = D97F545223A0FF9F00219728 /* LaunchScreen.storyboard */; };
		D97F545F23A0FFA000219728 /* StringCalculatorTests.swift in Sources */ = {isa = PBXBuildFile; fileRef = D97F545E23A0FFA000219728 /* StringCalculatorTests.swift */; };
		D97F546A23A0FFA000219728 /* StringCalculatorUITests.swift in Sources */ = {isa = PBXBuildFile; fileRef = D97F546923A0FFA000219728 /* StringCalculatorUITests.swift */; };
/* End PBXBuildFile section */

/* Begin PBXContainerItemProxy section */
		D97F545B23A0FFA000219728 /* PBXContainerItemProxy */ = {
			isa = PBXContainerItemProxy;
			containerPortal = D97F543C23A0FF9F00219728 /* Project object */;
			proxyType = 1;
			remoteGlobalIDString = D97F544323A0FF9F00219728;
			remoteInfo = StringCalculator;
		};
		D97F546623A0FFA000219728 /* PBXContainerItemProxy */ = {
			isa = PBXContainerItemProxy;
			containerPortal = D97F543C23A0FF9F00219728 /* Project object */;
			proxyType = 1;
			remoteGlobalIDString = D97F544323A0FF9F00219728;
			remoteInfo = StringCalculator;
		};
/* End PBXContainerItemProxy section */

/* Begin PBXFileReference section */
		D97F544423A0FF9F00219728 /* StringCalculator.app */ = {isa = PBXFileReference; explicitFileType = wrapper.application; includeInIndex = 0; path = StringCalculator.app; sourceTree = BUILT_PRODUCTS_DIR; };
		D97F544723A0FF9F00219728 /* AppDelegate.swift */ = {isa = PBXFileReference; lastKnownFileType = sourcecode.swift; path = AppDelegate.swift; sourceTree = "<group>"; };
		D97F544923A0FF9F00219728 /* SceneDelegate.swift */ = {isa = PBXFileReference; lastKnownFileType = sourcecode.swift; path = SceneDelegate.swift; sourceTree = "<group>"; };
		D97F544B23A0FF9F00219728 /* ViewController.swift */ = {isa = PBXFileReference; lastKnownFileType = sourcecode.swift; path = ViewController.swift; sourceTree = "<group>"; };
		D97F544E23A0FF9F00219728 /* Base */ = {isa = PBXFileReference; lastKnownFileType = file.storyboard; name = Base; path = Base.lproj/Main.storyboard; sourceTree = "<group>"; };
		D97F545023A0FF9F00219728 /* Assets.xcassets */ = {isa = PBXFileReference; lastKnownFileType = folder.assetcatalog; path = Assets.xcassets; sourceTree = "<group>"; };
		D97F545323A0FF9F00219728 /* Base */ = {isa = PBXFileReference; lastKnownFileType = file.storyboard; name = Base; path = Base.lproj/LaunchScreen.storyboard; sourceTree = "<group>"; };
		D97F545523A0FF9F00219728 /* Info.plist */ = {isa = PBXFileReference; lastKnownFileType = text.plist.xml; path = Info.plist; sourceTree = "<group>"; };
		D97F545A23A0FFA000219728 /* StringCalculatorTests.xctest */ = {isa = PBXFileReference; explicitFileType = wrapper.cfbundle; includeInIndex = 0; path = StringCalculatorTests.xctest; sourceTree = BUILT_PRODUCTS_DIR; };
		D97F545E23A0FFA000219728 /* StringCalculatorTests.swift */ = {isa = PBXFileReference; lastKnownFileType = sourcecode.swift; path = StringCalculatorTests.swift; sourceTree = "<group>"; };
		D97F546023A0FFA000219728 /* Info.plist */ = {isa = PBXFileReference; lastKnownFileType = text.plist.xml; path = Info.plist; sourceTree = "<group>"; };
		D97F546523A0FFA000219728 /* StringCalculatorUITests.xctest */ = {isa = PBXFileReference; explicitFileType = wrapper.cfbundle; includeInIndex = 0; path = StringCalculatorUITests.xctest; sourceTree = BUILT_PRODUCTS_DIR; };
		D97F546923A0FFA000219728 /* StringCalculatorUITests.swift */ = {isa = PBXFileReference; lastKnownFileType = sourcecode.swift; path = StringCalculatorUITests.swift; sourceTree = "<group>"; };
		D97F546B23A0FFA000219728 /* Info.plist */ = {isa = PBXFileReference; lastKnownFileType = text.plist.xml; path = Info.plist; sourceTree = "<group>"; };
/* End PBXFileReference section */

/* Begin PBXFrameworksBuildPhase section */
		D97F544123A0FF9F00219728 /* Frameworks */ = {
			isa = PBXFrameworksBuildPhase;
			buildActionMask = 2147483647;
			files = (
			);
			runOnlyForDeploymentPostprocessing = 0;
		};
		D97F545723A0FFA000219728 /* Frameworks */ = {
			isa = PBXFrameworksBuildPhase;
			buildActionMask = 2147483647;
			files = (
			);
			runOnlyForDeploymentPostprocessing = 0;
		};
		D97F546223A0FFA000219728 /* Frameworks */ = {
			isa = PBXFrameworksBuildPhase;
			buildActionMask = 2147483647;
			files = (
			);
			runOnlyForDeploymentPostprocessing = 0;
		};
/* End PBXFrameworksBuildPhase section */

/* Begin PBXGroup section */
		D97F543B23A0FF9F00219728 = {
			isa = PBXGroup;
			children = (
				D97F544623A0FF9F00219728 /* StringCalculator */,
				D97F545D23A0FFA000219728 /* StringCalculatorTests */,
				D97F546823A0FFA000219728 /* StringCalculatorUITests */,
				D97F544523A0FF9F00219728 /* Products */,
			);
			sourceTree = "<group>";
		};
		D97F544523A0FF9F00219728 /* Products */ = {
			isa = PBXGroup;
			children = (
				D97F544423A0FF9F00219728 /* StringCalculator.app */,
				D97F545A23A0FFA000219728 /* StringCalculatorTests.xctest */,
				D97F546523A0FFA000219728 /* StringCalculatorUITests.xctest */,
			);
			name = Products;
			sourceTree = "<group>";
		};
		D97F544623A0FF9F00219728 /* StringCalculator */ = {
			isa = PBXGroup;
			children = (
				D97F544723A0FF9F00219728 /* AppDelegate.swift */,
				D97F544923A0FF9F00219728 /* SceneDelegate.swift */,
				D97F544B23A0FF9F00219728 /* ViewController.swift */,
				D97F544D23A0FF9F00219728 /* Main.storyboard */,
				D97F545023A0FF9F00219728 /* Assets.xcassets */,
				D97F545223A0FF9F00219728 /* LaunchScreen.storyboard */,
				D97F545523A0FF9F00219728 /* Info.plist */,
			);
			path = StringCalculator;
			sourceTree = "<group>";
		};
		D97F545D23A0FFA000219728 /* StringCalculatorTests */ = {
			isa = PBXGroup;
			children = (
				D97F545E23A0FFA000219728 /* StringCalculatorTests.swift */,
				D97F546023A0FFA000219728 /* Info.plist */,
			);
			path = StringCalculatorTests;
			sourceTree = "<group>";
		};
		D97F546823A0FFA000219728 /* StringCalculatorUITests */ = {
			isa = PBXGroup;
			children = (
				D97F546923A0FFA000219728 /* StringCalculatorUITests.swift */,
				D97F546B23A0FFA000219728 /* Info.plist */,
			);
			path = StringCalculatorUITests;
			sourceTree = "<group>";
		};
/* End PBXGroup section */

/* Begin PBXNativeTarget section */
		D97F544323A0FF9F00219728 /* StringCalculator */ = {
			isa = PBXNativeTarget;
			buildConfigurationList = D97F546E23A0FFA000219728 /* Build configuration list for PBXNativeTarget "StringCalculator" */;
			buildPhases = (
				D97F544023A0FF9F00219728 /* Sources */,
				D97F544123A0FF9F00219728 /* Frameworks */,
				D97F544223A0FF9F00219728 /* Resources */,
			);
			buildRules = (
			);
			dependencies = (
			);
			name = StringCalculator;
			productName = StringCalculator;
			productReference = D97F544423A0FF9F00219728 /* StringCalculator.app */;
			productType = "com.apple.product-type.application";
		};
		D97F545923A0FFA000219728 /* StringCalculatorTests */ = {
			isa = PBXNativeTarget;
			buildConfigurationList = D97F547123A0FFA000219728 /* Build configuration list for PBXNativeTarget "StringCalculatorTests" */;
			buildPhases = (
				D97F545623A0FFA000219728 /* Sources */,
				D97F545723A0FFA000219728 /* Frameworks */,
				D97F545823A0FFA000219728 /* Resources */,
			);
			buildRules = (
			);
			dependencies = (
				D97F545C23A0FFA000219728 /* PBXTargetDependency */,
			);
			name = StringCalculatorTests;
			productName = StringCalculatorTests;
			productReference = D97F545A23A0FFA000219728 /* StringCalculatorTests.xctest */;
			productType = "com.apple.product-type.bundle.unit-test";
		};
		D97F546423A0FFA000219728 /* StringCalculatorUITests */ = {
			isa = PBXNativeTarget;
			buildConfigurationList = D97F547423A0FFA000219728 /* Build configuration list for PBXNativeTarget "StringCalculatorUITests" */;
			buildPhases = (
				D97F546123A0FFA000219728 /* Sources */,
				D97F546223A0FFA000219728 /* Frameworks */,
				D97F546323A0FFA000219728 /* Resources */,
			);
			buildRules = (
			);
			dependencies = (
				D97F546723A0FFA000219728 /* PBXTargetDependency */,
			);
			name = StringCalculatorUITests;
			productName = StringCalculatorUITests;
			productReference = D97F546523A0FFA000219728 /* StringCalculatorUITests.xctest */;
			productType = "com.apple.product-type.bundle.ui-testing";
		};
/* End PBXNativeTarget section */

/* Begin PBXProject section */
		D97F543C23A0FF9F00219728 /* Project object */ = {
			isa = PBXProject;
			attributes = {
				LastSwiftUpdateCheck = 1120;
				LastUpgradeCheck = 1120;
				ORGANIZATIONNAME = Mobgen;
				TargetAttributes = {
					D97F544323A0FF9F00219728 = {
						CreatedOnToolsVersion = 11.2.1;
					};
					D97F545923A0FFA000219728 = {
						CreatedOnToolsVersion = 11.2.1;
						TestTargetID = D97F544323A0FF9F00219728;
					};
					D97F546423A0FFA000219728 = {
						CreatedOnToolsVersion = 11.2.1;
						TestTargetID = D97F544323A0FF9F00219728;
					};
				};
			};
			buildConfigurationList = D97F543F23A0FF9F00219728 /* Build configuration list for PBXProject "StringCalculator" */;
			compatibilityVersion = "Xcode 9.3";
			developmentRegion = en;
			hasScannedForEncodings = 0;
			knownRegions = (
				en,
				Base,
			);
			mainGroup = D97F543B23A0FF9F00219728;
			productRefGroup = D97F544523A0FF9F00219728 /* Products */;
			projectDirPath = "";
			projectRoot = "";
			targets = (
				D97F544323A0FF9F00219728 /* StringCalculator */,
				D97F545923A0FFA000219728 /* StringCalculatorTests */,
				D97F546423A0FFA000219728 /* StringCalculatorUITests */,
			);
		};
/* End PBXProject section */

/* Begin PBXResourcesBuildPhase section */
		D97F544223A0FF9F00219728 /* Resources */ = {
			isa = PBXResourcesBuildPhase;
			buildActionMask = 2147483647;
			files = (
				D97F545423A0FF9F00219728 /* LaunchScreen.storyboard in Resources */,
				D97F545123A0FF9F00219728 /* Assets.xcassets in Resources */,
				D97F544F23A0FF9F00219728 /* Main.storyboard in Resources */,
			);
			runOnlyForDeploymentPostprocessing = 0;
		};
		D97F545823A0FFA000219728 /* Resources */ = {
			isa = PBXResourcesBuildPhase;
			buildActionMask = 2147483647;
			files = (
			);
			runOnlyForDeploymentPostprocessing = 0;
		};
		D97F546323A0FFA000219728 /* Resources */ = {
			isa = PBXResourcesBuildPhase;
			buildActionMask = 2147483647;
			files = (
			);
			runOnlyForDeploymentPostprocessing = 0;
		};
/* End PBXResourcesBuildPhase section */

/* Begin PBXSourcesBuildPhase section */
		D97F544023A0FF9F00219728 /* Sources */ = {
			isa = PBXSourcesBuildPhase;
			buildActionMask = 2147483647;
			files = (
				D97F544C23A0FF9F00219728 /* ViewController.swift in Sources */,
				D97F544823A0FF9F00219728 /* AppDelegate.swift in Sources */,
				D97F544A23A0FF9F00219728 /* SceneDelegate.swift in Sources */,
			);
			runOnlyForDeploymentPostprocessing = 0;
		};
		D97F545623A0FFA000219728 /* Sources */ = {
			isa = PBXSourcesBuildPhase;
			buildActionMask = 2147483647;
			files = (
				D97F545F23A0FFA000219728 /* StringCalculatorTests.swift in Sources */,
			);
			runOnlyForDeploymentPostprocessing = 0;
		};
		D97F546123A0FFA000219728 /* Sources */ = {
			isa = PBXSourcesBuildPhase;
			buildActionMask = 2147483647;
			files = (
				D97F546A23A0FFA000219728 /* StringCalculatorUITests.swift in Sources */,
			);
			runOnlyForDeploymentPostprocessing = 0;
		};
/* End PBXSourcesBuildPhase section */

/* Begin PBXTargetDependency section */
		D97F545C23A0FFA000219728 /* PBXTargetDependency */ = {
			isa = PBXTargetDependency;
			target = D97F544323A0FF9F00219728 /* StringCalculator */;
			targetProxy = D97F545B23A0FFA000219728 /* PBXContainerItemProxy */;
		};
		D97F546723A0FFA000219728 /* PBXTargetDependency */ = {
			isa = PBXTargetDependency;
			target = D97F544323A0FF9F00219728 /* StringCalculator */;
			targetProxy = D97F546623A0FFA000219728 /* PBXContainerItemProxy */;
		};
/* End PBXTargetDependency section */

/* Begin PBXVariantGroup section */
		D97F544D23A0FF9F00219728 /* Main.storyboard */ = {
			isa = PBXVariantGroup;
			children = (
				D97F544E23A0FF9F00219728 /* Base */,
			);
			name = Main.storyboard;
			sourceTree = "<group>";
		};
		D97F545223A0FF9F00219728 /* LaunchScreen.storyboard */ = {
			isa = PBXVariantGroup;
			children = (
				D97F545323A0FF9F00219728 /* Base */,
			);
			name = LaunchScreen.storyboard;
			sourceTree = "<group>";
		};
/* End PBXVariantGroup section */

/* Begin XCBuildConfiguration section */
		D97F546C23A0FFA000219728 /* Debug */ = {
			isa = XCBuildConfiguration;
			buildSettings = {
				ALWAYS_SEARCH_USER_PATHS = NO;
				CLANG_ANALYZER_NONNULL = YES;
				CLANG_ANALYZER_NUMBER_OBJECT_CONVERSION = YES_AGGRESSIVE;
				CLANG_CXX_LANGUAGE_STANDARD = "gnu++14";
				CLANG_CXX_LIBRARY = "libc++";
				CLANG_ENABLE_MODULES = YES;
				CLANG_ENABLE_OBJC_ARC = YES;
				CLANG_ENABLE_OBJC_WEAK = YES;
				CLANG_WARN_BLOCK_CAPTURE_AUTORELEASING = YES;
				CLANG_WARN_BOOL_CONVERSION = YES;
				CLANG_WARN_COMMA = YES;
				CLANG_WARN_CONSTANT_CONVERSION = YES;
				CLANG_WARN_DEPRECATED_OBJC_IMPLEMENTATIONS = YES;
				CLANG_WARN_DIRECT_OBJC_ISA_USAGE = YES_ERROR;
				CLANG_WARN_DOCUMENTATION_COMMENTS = YES;
				CLANG_WARN_EMPTY_BODY = YES;
				CLANG_WARN_ENUM_CONVERSION = YES;
				CLANG_WARN_INFINITE_RECURSION = YES;
				CLANG_WARN_INT_CONVERSION = YES;
				CLANG_WARN_NON_LITERAL_NULL_CONVERSION = YES;
				CLANG_WARN_OBJC_IMPLICIT_RETAIN_SELF = YES;
				CLANG_WARN_OBJC_LITERAL_CONVERSION = YES;
				CLANG_WARN_OBJC_ROOT_CLASS = YES_ERROR;
				CLANG_WARN_RANGE_LOOP_ANALYSIS = YES;
				CLANG_WARN_STRICT_PROTOTYPES = YES;
				CLANG_WARN_SUSPICIOUS_MOVE = YES;
				CLANG_WARN_UNGUARDED_AVAILABILITY = YES_AGGRESSIVE;
				CLANG_WARN_UNREACHABLE_CODE = YES;
				CLANG_WARN__DUPLICATE_METHOD_MATCH = YES;
				COPY_PHASE_STRIP = NO;
				DEBUG_INFORMATION_FORMAT = dwarf;
				ENABLE_STRICT_OBJC_MSGSEND = YES;
				ENABLE_TESTABILITY = YES;
				GCC_C_LANGUAGE_STANDARD = gnu11;
				GCC_DYNAMIC_NO_PIC = NO;
				GCC_NO_COMMON_BLOCKS = YES;
				GCC_OPTIMIZATION_LEVEL = 0;
				GCC_PREPROCESSOR_DEFINITIONS = (
					"DEBUG=1",
					"$(inherited)",
				);
				GCC_WARN_64_TO_32_BIT_CONVERSION = YES;
				GCC_WARN_ABOUT_RETURN_TYPE = YES_ERROR;
				GCC_WARN_UNDECLARED_SELECTOR = YES;
				GCC_WARN_UNINITIALIZED_AUTOS = YES_AGGRESSIVE;
				GCC_WARN_UNUSED_FUNCTION = YES;
				GCC_WARN_UNUSED_VARIABLE = YES;
				IPHONEOS_DEPLOYMENT_TARGET = 13.2;
				MTL_ENABLE_DEBUG_INFO = INCLUDE_SOURCE;
				MTL_FAST_MATH = YES;
				ONLY_ACTIVE_ARCH = YES;
				SDKROOT = iphoneos;
				SWIFT_ACTIVE_COMPILATION_CONDITIONS = DEBUG;
				SWIFT_OPTIMIZATION_LEVEL = "-Onone";
			};
			name = Debug;
		};
		D97F546D23A0FFA000219728 /* Release */ = {
			isa = XCBuildConfiguration;
			buildSettings = {
				ALWAYS_SEARCH_USER_PATHS = NO;
				CLANG_ANALYZER_NONNULL = YES;
				CLANG_ANALYZER_NUMBER_OBJECT_CONVERSION = YES_AGGRESSIVE;
				CLANG_CXX_LANGUAGE_STANDARD = "gnu++14";
				CLANG_CXX_LIBRARY = "libc++";
				CLANG_ENABLE_MODULES = YES;
				CLANG_ENABLE_OBJC_ARC = YES;
				CLANG_ENABLE_OBJC_WEAK = YES;
				CLANG_WARN_BLOCK_CAPTURE_AUTORELEASING = YES;
				CLANG_WARN_BOOL_CONVERSION = YES;
				CLANG_WARN_COMMA = YES;
				CLANG_WARN_CONSTANT_CONVERSION = YES;
				CLANG_WARN_DEPRECATED_OBJC_IMPLEMENTATIONS = YES;
				CLANG_WARN_DIRECT_OBJC_ISA_USAGE = YES_ERROR;
				CLANG_WARN_DOCUMENTATION_COMMENTS = YES;
				CLANG_WARN_EMPTY_BODY = YES;
				CLANG_WARN_ENUM_CONVERSION = YES;
				CLANG_WARN_INFINITE_RECURSION = YES;
				CLANG_WARN_INT_CONVERSION = YES;
				CLANG_WARN_NON_LITERAL_NULL_CONVERSION = YES;
				CLANG_WARN_OBJC_IMPLICIT_RETAIN_SELF = YES;
				CLANG_WARN_OBJC_LITERAL_CONVERSION = YES;
				CLANG_WARN_OBJC_ROOT_CLASS = YES_ERROR;
				CLANG_WARN_RANGE_LOOP_ANALYSIS = YES;
				CLANG_WARN_STRICT_PROTOTYPES = YES;
				CLANG_WARN_SUSPICIOUS_MOVE = YES;
				CLANG_WARN_UNGUARDED_AVAILABILITY = YES_AGGRESSIVE;
				CLANG_WARN_UNREACHABLE_CODE = YES;
				CLANG_WARN__DUPLICATE_METHOD_MATCH = YES;
				COPY_PHASE_STRIP = NO;
				DEBUG_INFORMATION_FORMAT = "dwarf-with-dsym";
				ENABLE_NS_ASSERTIONS = NO;
				ENABLE_STRICT_OBJC_MSGSEND = YES;
				GCC_C_LANGUAGE_STANDARD = gnu11;
				GCC_NO_COMMON_BLOCKS = YES;
				GCC_WARN_64_TO_32_BIT_CONVERSION = YES;
				GCC_WARN_ABOUT_RETURN_TYPE = YES_ERROR;
				GCC_WARN_UNDECLARED_SELECTOR = YES;
				GCC_WARN_UNINITIALIZED_AUTOS = YES_AGGRESSIVE;
				GCC_WARN_UNUSED_FUNCTION = YES;
				GCC_WARN_UNUSED_VARIABLE = YES;
				IPHONEOS_DEPLOYMENT_TARGET = 13.2;
				MTL_ENABLE_DEBUG_INFO = NO;
				MTL_FAST_MATH = YES;
				SDKROOT = iphoneos;
				SWIFT_COMPILATION_MODE = wholemodule;
				SWIFT_OPTIMIZATION_LEVEL = "-O";
				VALIDATE_PRODUCT = YES;
			};
			name = Release;
		};
		D97F546F23A0FFA000219728 /* Debug */ = {
			isa = XCBuildConfiguration;
			buildSettings = {
				ASSETCATALOG_COMPILER_APPICON_NAME = AppIcon;
				CODE_SIGN_STYLE = Automatic;
				INFOPLIST_FILE = StringCalculator/Info.plist;
				LD_RUNPATH_SEARCH_PATHS = (
					"$(inherited)",
					"@executable_path/Frameworks",
				);
				PRODUCT_BUNDLE_IDENTIFIER = com.mobgen.StringCalculator;
				PRODUCT_NAME = "$(TARGET_NAME)";
				SWIFT_VERSION = 5.0;
				TARGETED_DEVICE_FAMILY = "1,2";
			};
			name = Debug;
		};
		D97F547023A0FFA000219728 /* Release */ = {
			isa = XCBuildConfiguration;
			buildSettings = {
				ASSETCATALOG_COMPILER_APPICON_NAME = AppIcon;
				CODE_SIGN_STYLE = Automatic;
				INFOPLIST_FILE = StringCalculator/Info.plist;
				LD_RUNPATH_SEARCH_PATHS = (
					"$(inherited)",
					"@executable_path/Frameworks",
				);
				PRODUCT_BUNDLE_IDENTIFIER = com.mobgen.StringCalculator;
				PRODUCT_NAME = "$(TARGET_NAME)";
				SWIFT_VERSION = 5.0;
				TARGETED_DEVICE_FAMILY = "1,2";
			};
			name = Release;
		};
		D97F547223A0FFA000219728 /* Debug */ = {
			isa = XCBuildConfiguration;
			buildSettings = {
				ALWAYS_EMBED_SWIFT_STANDARD_LIBRARIES = YES;
				BUNDLE_LOADER = "$(TEST_HOST)";
				CODE_SIGN_STYLE = Automatic;
				INFOPLIST_FILE = StringCalculatorTests/Info.plist;
				IPHONEOS_DEPLOYMENT_TARGET = 13.2;
				LD_RUNPATH_SEARCH_PATHS = (
					"$(inherited)",
					"@executable_path/Frameworks",
					"@loader_path/Frameworks",
				);
				PRODUCT_BUNDLE_IDENTIFIER = com.mobgen.StringCalculatorTests;
				PRODUCT_NAME = "$(TARGET_NAME)";
				SWIFT_VERSION = 5.0;
				TARGETED_DEVICE_FAMILY = "1,2";
				TEST_HOST = "$(BUILT_PRODUCTS_DIR)/StringCalculator.app/StringCalculator";
			};
			name = Debug;
		};
		D97F547323A0FFA000219728 /* Release */ = {
			isa = XCBuildConfiguration;
			buildSettings = {
				ALWAYS_EMBED_SWIFT_STANDARD_LIBRARIES = YES;
				BUNDLE_LOADER = "$(TEST_HOST)";
				CODE_SIGN_STYLE = Automatic;
				INFOPLIST_FILE = StringCalculatorTests/Info.plist;
				IPHONEOS_DEPLOYMENT_TARGET = 13.2;
				LD_RUNPATH_SEARCH_PATHS = (
					"$(inherited)",
					"@executable_path/Frameworks",
					"@loader_path/Frameworks",
				);
				PRODUCT_BUNDLE_IDENTIFIER = com.mobgen.StringCalculatorTests;
				PRODUCT_NAME = "$(TARGET_NAME)";
				SWIFT_VERSION = 5.0;
				TARGETED_DEVICE_FAMILY = "1,2";
				TEST_HOST = "$(BUILT_PRODUCTS_DIR)/StringCalculator.app/StringCalculator";
			};
			name = Release;
		};
		D97F547523A0FFA000219728 /* Debug */ = {
			isa = XCBuildConfiguration;
			buildSettings = {
				ALWAYS_EMBED_SWIFT_STANDARD_LIBRARIES = YES;
				CODE_SIGN_STYLE = Automatic;
				INFOPLIST_FILE = StringCalculatorUITests/Info.plist;
				LD_RUNPATH_SEARCH_PATHS = (
					"$(inherited)",
					"@executable_path/Frameworks",
					"@loader_path/Frameworks",
				);
				PRODUCT_BUNDLE_IDENTIFIER = com.mobgen.StringCalculatorUITests;
				PRODUCT_NAME = "$(TARGET_NAME)";
				SWIFT_VERSION = 5.0;
				TARGETED_DEVICE_FAMILY = "1,2";
				TEST_TARGET_NAME = StringCalculator;
			};
			name = Debug;
		};
		D97F547623A0FFA000219728 /* Release */ = {
			isa = XCBuildConfiguration;
			buildSettings = {
				ALWAYS_EMBED_SWIFT_STANDARD_LIBRARIES = YES;
				CODE_SIGN_STYLE = Automatic;
				INFOPLIST_FILE = StringCalculatorUITests/Info.plist;
				LD_RUNPATH_SEARCH_PATHS = (
					"$(inherited)",
					"@executable_path/Frameworks",
					"@loader_path/Frameworks",
				);
				PRODUCT_BUNDLE_IDENTIFIER = com.mobgen.StringCalculatorUITests;
				PRODUCT_NAME = "$(TARGET_NAME)";
				SWIFT_VERSION = 5.0;
				TARGETED_DEVICE_FAMILY = "1,2";
				TEST_TARGET_NAME = StringCalculator;
			};
			name = Release;
		};
/* End XCBuildConfiguration section */

/* Begin XCConfigurationList section */
		D97F543F23A0FF9F00219728 /* Build configuration list for PBXProject "StringCalculator" */ = {
			isa = XCConfigurationList;
			buildConfigurations = (
				D97F546C23A0FFA000219728 /* Debug */,
				D97F546D23A0FFA000219728 /* Release */,
			);
			defaultConfigurationIsVisible = 0;
			defaultConfigurationName = Release;
		};
		D97F546E23A0FFA000219728 /* Build configuration list for PBXNativeTarget "StringCalculator" */ = {
			isa = XCConfigurationList;
			buildConfigurations = (
				D97F546F23A0FFA000219728 /* Debug */,
				D97F547023A0FFA000219728 /* Release */,
			);
			defaultConfigurationIsVisible = 0;
			defaultConfigurationName = Release;
		};
		D97F547123A0FFA000219728 /* Build configuration list for PBXNativeTarget "StringCalculatorTests" */ = {
			isa = XCConfigurationList;
			buildConfigurations = (
				D97F547223A0FFA000219728 /* Debug */,
				D97F547323A0FFA000219728 /* Release */,
			);
			defaultConfigurationIsVisible = 0;
			defaultConfigurationName = Release;
		};
		D97F547423A0FFA000219728 /* Build configuration list for PBXNativeTarget "StringCalculatorUITests" */ = {
			isa = XCConfigurationList;
			buildConfigurations = (
				D97F547523A0FFA000219728 /* Debug */,
				D97F547623A0FFA000219728 /* Release */,
			);
			defaultConfigurationIsVisible = 0;
			defaultConfigurationName = Release;
		};
/* End XCConfigurationList section */
	};
	rootObject = D97F543C23A0FF9F00219728 /* Project object */;
}
